
Microsoft Visual Studio Solution File, Format Version 12.00
# Visual Studio Version 17
VisualStudioVersion = 17.9.34902.65
MinimumVisualStudioVersion = 10.0.40219.1
Project("{9A19103F-16F7-4668-BE54-9A1E7A4F7556}") = "DAY01", "SpecialistCourse\DAY01.csproj", "{33FDCC38-3333-43BA-9872-192513418D43}"
EndProject
Project("{9A19103F-16F7-4668-BE54-9A1E7A4F7556}") = "DAY02", "DAY02\DAY02.csproj", "{BD16976C-8A8C-4083-B53B-0196CC7B3949}"
EndProject
Project("{9A19103F-16F7-4668-BE54-9A1E7A4F7556}") = "DAY02_Geometry", "DAY02_Geometry\DAY02_Geometry.csproj", "{F99A2AD9-8CA2-49F6-97F6-2744075C6CFC}"
EndProject
Project("{9A19103F-16F7-4668-BE54-9A1E7A4F7556}") = "DAY02_DZ", "DAY02_DZ\DAY02_DZ.csproj", "{DD4D8CFC-FF90-4284-9655-1135F009C275}"
EndProject
Project("{9A19103F-16F7-4668-BE54-9A1E7A4F7556}") = "DAY03", "DAY03\DAY03.csproj", "{6C92EBE8-CA45-41B1-B10A-9EC6FE555935}"
EndProject
Project("{9A19103F-16F7-4668-BE54-9A1E7A4F7556}") = "DAY03_Geometry", "DAY03_Geometry\DAY03_Geometry.csproj", "{C1619C83-8201-47E9-9BCD-90776674ECB1}"
EndProject
Project("{FAE04EC0-301F-11D3-BF4B-00C04F79EFBC}") = "DAY04", "DAY04\DAY04.csproj", "{B4B4BDFF-1B73-4E97-BEAA-0CE5B6ED87BE}"
EndProject
Global
	GlobalSection(SolutionConfigurationPlatforms) = preSolution
		Debug|Any CPU = Debug|Any CPU
		Release|Any CPU = Release|Any CPU
	EndGlobalSection
	GlobalSection(ProjectConfigurationPlatforms) = postSolution
		{33FDCC38-3333-43BA-9872-192513418D43}.Debug|Any CPU.ActiveCfg = Debug|Any CPU
		{33FDCC38-3333-43BA-9872-192513418D43}.Debug|Any CPU.Build.0 = Debug|Any CPU
		{33FDCC38-3333-43BA-9872-192513418D43}.Release|Any CPU.ActiveCfg = Release|Any CPU
		{33FDCC38-3333-43BA-9872-192513418D43}.Release|Any CPU.Build.0 = Release|Any CPU
		{BD16976C-8A8C-4083-B53B-0196CC7B3949}.Debug|Any CPU.ActiveCfg = Debug|Any CPU
		{BD16976C-8A8C-4083-B53B-0196CC7B3949}.Debug|Any CPU.Build.0 = Debug|Any CPU
		{BD16976C-8A8C-4083-B53B-0196CC7B3949}.Release|Any CPU.ActiveCfg = Release|Any CPU
		{BD16976C-8A8C-4083-B53B-0196CC7B3949}.Release|Any CPU.Build.0 = Release|Any CPU
		{F99A2AD9-8CA2-49F6-97F6-2744075C6CFC}.Debug|Any CPU.ActiveCfg = Debug|Any CPU
		{F99A2AD9-8CA2-49F6-97F6-2744075C6CFC}.Debug|Any CPU.Build.0 = Debug|Any CPU
		{F99A2AD9-8CA2-49F6-97F6-2744075C6CFC}.Release|Any CPU.ActiveCfg = Release|Any CPU
		{F99A2AD9-8CA2-49F6-97F6-2744075C6CFC}.Release|Any CPU.Build.0 = Release|Any CPU
		{DD4D8CFC-FF90-4284-9655-1135F009C275}.Debug|Any CPU.ActiveCfg = Debug|Any CPU
		{DD4D8CFC-FF90-4284-9655-1135F009C275}.Debug|Any CPU.Build.0 = Debug|Any CPU
		{DD4D8CFC-FF90-4284-9655-1135F009C275}.Release|Any CPU.ActiveCfg = Release|Any CPU
		{DD4D8CFC-FF90-4284-9655-1135F009C275}.Release|Any CPU.Build.0 = Release|Any CPU
		{6C92EBE8-CA45-41B1-B10A-9EC6FE555935}.Debug|Any CPU.ActiveCfg = Debug|Any CPU
		{6C92EBE8-CA45-41B1-B10A-9EC6FE555935}.Debug|Any CPU.Build.0 = Debug|Any CPU
		{6C92EBE8-CA45-41B1-B10A-9EC6FE555935}.Release|Any CPU.ActiveCfg = Release|Any CPU
		{6C92EBE8-CA45-41B1-B10A-9EC6FE555935}.Release|Any CPU.Build.0 = Release|Any CPU
		{C1619C83-8201-47E9-9BCD-90776674ECB1}.Debug|Any CPU.ActiveCfg = Debug|Any CPU
		{C1619C83-8201-47E9-9BCD-90776674ECB1}.Debug|Any CPU.Build.0 = Debug|Any CPU
		{C1619C83-8201-47E9-9BCD-90776674ECB1}.Release|Any CPU.ActiveCfg = Release|Any CPU
		{C1619C83-8201-47E9-9BCD-90776674ECB1}.Release|Any CPU.Build.0 = Release|Any CPU
		{B4B4BDFF-1B73-4E97-BEAA-0CE5B6ED87BE}.Debug|Any CPU.ActiveCfg = Debug|Any CPU
		{B4B4BDFF-1B73-4E97-BEAA-0CE5B6ED87BE}.Debug|Any CPU.Build.0 = Debug|Any CPU
		{B4B4BDFF-1B73-4E97-BEAA-0CE5B6ED87BE}.Release|Any CPU.ActiveCfg = Release|Any CPU
		{B4B4BDFF-1B73-4E97-BEAA-0CE5B6ED87BE}.Release|Any CPU.Build.0 = Release|Any CPU
	EndGlobalSection
	GlobalSection(SolutionProperties) = preSolution
		HideSolutionNode = FALSE
	EndGlobalSection
	GlobalSection(ExtensibilityGlobals) = postSolution
		SolutionGuid = {D51F9311-0D41-464C-8758-C456E2BDF554}
	EndGlobalSection
EndGlobal
